
Microsoft Visual Studio Solution File, Format Version 12.00
# Visual Studio Version 17
VisualStudioVersion = 17.5.33516.290
MinimumVisualStudioVersion = 10.0.40219.1
Project("{FAE04EC0-301F-11D3-BF4B-00C04F79EFBC}") = "Course", "Course\Course.csproj", "{5E28D0AB-65CC-4E5B-9A31-CF0A47F8FB4B}"
EndProject
Global
	GlobalSection(SolutionConfigurationPlatforms) = preSolution
		Debug|Any CPU = Debug|Any CPU
		Release|Any CPU = Release|Any CPU
	EndGlobalSection
	GlobalSection(ProjectConfigurationPlatforms) = postSolution
		{5E28D0AB-65CC-4E5B-9A31-CF0A47F8FB4B}.Debug|Any CPU.ActiveCfg = Debug|Any CPU
		{5E28D0AB-65CC-4E5B-9A31-CF0A47F8FB4B}.Debug|Any CPU.Build.0 = Debug|Any CPU
		{5E28D0AB-65CC-4E5B-9A31-CF0A47F8FB4B}.Release|Any CPU.ActiveCfg = Release|Any CPU
		{5E28D0AB-65CC-4E5B-9A31-CF0A47F8FB4B}.Release|Any CPU.Build.0 = Release|Any CPU
	EndGlobalSection
	GlobalSection(SolutionProperties) = preSolution
		HideSolutionNode = FALSE
	EndGlobalSection
	GlobalSection(ExtensibilityGlobals) = postSolution
		SolutionGuid = {39A5A57F-A7BD-424D-AC17-4B3C87F3A344}
	EndGlobalSection
EndGlobal
